
Microsoft Visual Studio Solution File, Format Version 12.00
Project("{2150E333-8FDC-42A3-9474-1A3956D46DE8}") = "src", "src", "{06A8633E-AC13-4A53-912A-3D2F13F1F754}"
EndProject
Project("{2150E333-8FDC-42A3-9474-1A3956D46DE8}") = "Bootstrapper", "Bootstrapper", "{3C285E95-97BA-41A2-A0A7-3A9969F31169}"
EndProject
Project("{2150E333-8FDC-42A3-9474-1A3956D46DE8}") = "Modules", "Modules", "{AC9C1675-4835-49DA-9560-55DEDB67C5DE}"
EndProject
Project("{2150E333-8FDC-42A3-9474-1A3956D46DE8}") = "Shared", "Shared", "{E5CAC83A-03BE-406E-9D59-367537A3A8C1}"
EndProject
Project("{FAE04EC0-301F-11D3-BF4B-00C04F79EFBC}") = "Dozer.Bootstrapper", "src\Bootstrapper\Dozer.Bootstrapper\Dozer.Bootstrapper.csproj", "{F2D90EEF-9E91-48D5-AA3F-0F7CB5C4DB78}"
EndProject
Project("{2150E333-8FDC-42A3-9474-1A3956D46DE8}") = "Auth", "Auth", "{08407031-3B82-43AD-BDF2-59C6E2FA99C9}"
EndProject
Project("{FAE04EC0-301F-11D3-BF4B-00C04F79EFBC}") = "Modules.Auth.Api", "src\Modules\Auth\Modules.Auth.Api\Modules.Auth.Api.csproj", "{333DAB6F-AAF6-475F-9761-836E53957E6E}"
EndProject
Project("{FAE04EC0-301F-11D3-BF4B-00C04F79EFBC}") = "Modules.Auth.Application", "src\Modules\Auth\Modules.Auth.Application\Modules.Auth.Application.csproj", "{2208AEA8-DA57-40C0-BCB3-50E585F54B5B}"
EndProject
Project("{FAE04EC0-301F-11D3-BF4B-00C04F79EFBC}") = "Modules.Auth.Domain", "src\Modules\Auth\Modules.Auth.Domain\Modules.Auth.Domain.csproj", "{B26674ED-963D-4E38-B23F-7A2F6D68E42C}"
EndProject
Project("{FAE04EC0-301F-11D3-BF4B-00C04F79EFBC}") = "Modules.Auth.Infrastructure", "src\Modules\Auth\Modules.Auth.Infrastructure\Modules.Auth.Infrastructure.csproj", "{B4795A35-E36F-49ED-8DBC-783B51767A6D}"
EndProject
Project("{FAE04EC0-301F-11D3-BF4B-00C04F79EFBC}") = "Modules.Auth.Shared", "src\Modules\Auth\Modules.Auth.Shared\Modules.Auth.Shared.csproj", "{F9BDE959-7F85-4A98-A2EE-09A92DD7C7D0}"
EndProject
Project("{FAE04EC0-301F-11D3-BF4B-00C04F79EFBC}") = "Dozer.Shared", "src\Shared\Dozer.Shared\Dozer.Shared.csproj", "{FB150651-350B-4746-8194-FCCD370CF010}"
EndProject
Project("{2150E333-8FDC-42A3-9474-1A3956D46DE8}") = "Listings", "Listings", "{519D83BC-042B-4A45-8A1E-8381D037D84C}"
EndProject
Global
	GlobalSection(SolutionConfigurationPlatforms) = preSolution
		Debug|Any CPU = Debug|Any CPU
		Release|Any CPU = Release|Any CPU
	EndGlobalSection
	GlobalSection(NestedProjects) = preSolution
		{3C285E95-97BA-41A2-A0A7-3A9969F31169} = {06A8633E-AC13-4A53-912A-3D2F13F1F754}
		{AC9C1675-4835-49DA-9560-55DEDB67C5DE} = {06A8633E-AC13-4A53-912A-3D2F13F1F754}
		{E5CAC83A-03BE-406E-9D59-367537A3A8C1} = {06A8633E-AC13-4A53-912A-3D2F13F1F754}
		{F2D90EEF-9E91-48D5-AA3F-0F7CB5C4DB78} = {3C285E95-97BA-41A2-A0A7-3A9969F31169}
		{08407031-3B82-43AD-BDF2-59C6E2FA99C9} = {AC9C1675-4835-49DA-9560-55DEDB67C5DE}
		{333DAB6F-AAF6-475F-9761-836E53957E6E} = {08407031-3B82-43AD-BDF2-59C6E2FA99C9}
		{2208AEA8-DA57-40C0-BCB3-50E585F54B5B} = {08407031-3B82-43AD-BDF2-59C6E2FA99C9}
		{B26674ED-963D-4E38-B23F-7A2F6D68E42C} = {08407031-3B82-43AD-BDF2-59C6E2FA99C9}
		{B4795A35-E36F-49ED-8DBC-783B51767A6D} = {08407031-3B82-43AD-BDF2-59C6E2FA99C9}
		{F9BDE959-7F85-4A98-A2EE-09A92DD7C7D0} = {08407031-3B82-43AD-BDF2-59C6E2FA99C9}
		{FB150651-350B-4746-8194-FCCD370CF010} = {E5CAC83A-03BE-406E-9D59-367537A3A8C1}
		{519D83BC-042B-4A45-8A1E-8381D037D84C} = {AC9C1675-4835-49DA-9560-55DEDB67C5DE}
	EndGlobalSection
	GlobalSection(ProjectConfigurationPlatforms) = postSolution
		{F2D90EEF-9E91-48D5-AA3F-0F7CB5C4DB78}.Debug|Any CPU.ActiveCfg = Debug|Any CPU
		{F2D90EEF-9E91-48D5-AA3F-0F7CB5C4DB78}.Debug|Any CPU.Build.0 = Debug|Any CPU
		{F2D90EEF-9E91-48D5-AA3F-0F7CB5C4DB78}.Release|Any CPU.ActiveCfg = Release|Any CPU
		{F2D90EEF-9E91-48D5-AA3F-0F7CB5C4DB78}.Release|Any CPU.Build.0 = Release|Any CPU
		{333DAB6F-AAF6-475F-9761-836E53957E6E}.Debug|Any CPU.ActiveCfg = Debug|Any CPU
		{333DAB6F-AAF6-475F-9761-836E53957E6E}.Debug|Any CPU.Build.0 = Debug|Any CPU
		{333DAB6F-AAF6-475F-9761-836E53957E6E}.Release|Any CPU.ActiveCfg = Release|Any CPU
		{333DAB6F-AAF6-475F-9761-836E53957E6E}.Release|Any CPU.Build.0 = Release|Any CPU
		{2208AEA8-DA57-40C0-BCB3-50E585F54B5B}.Debug|Any CPU.ActiveCfg = Debug|Any CPU
		{2208AEA8-DA57-40C0-BCB3-50E585F54B5B}.Debug|Any CPU.Build.0 = Debug|Any CPU
		{2208AEA8-DA57-40C0-BCB3-50E585F54B5B}.Release|Any CPU.ActiveCfg = Release|Any CPU
		{2208AEA8-DA57-40C0-BCB3-50E585F54B5B}.Release|Any CPU.Build.0 = Release|Any CPU
		{B26674ED-963D-4E38-B23F-7A2F6D68E42C}.Debug|Any CPU.ActiveCfg = Debug|Any CPU
		{B26674ED-963D-4E38-B23F-7A2F6D68E42C}.Debug|Any CPU.Build.0 = Debug|Any CPU
		{B26674ED-963D-4E38-B23F-7A2F6D68E42C}.Release|Any CPU.ActiveCfg = Release|Any CPU
		{B26674ED-963D-4E38-B23F-7A2F6D68E42C}.Release|Any CPU.Build.0 = Release|Any CPU
		{B4795A35-E36F-49ED-8DBC-783B51767A6D}.Debug|Any CPU.ActiveCfg = Debug|Any CPU
		{B4795A35-E36F-49ED-8DBC-783B51767A6D}.Debug|Any CPU.Build.0 = Debug|Any CPU
		{B4795A35-E36F-49ED-8DBC-783B51767A6D}.Release|Any CPU.ActiveCfg = Release|Any CPU
		{B4795A35-E36F-49ED-8DBC-783B51767A6D}.Release|Any CPU.Build.0 = Release|Any CPU
		{F9BDE959-7F85-4A98-A2EE-09A92DD7C7D0}.Debug|Any CPU.ActiveCfg = Debug|Any CPU
		{F9BDE959-7F85-4A98-A2EE-09A92DD7C7D0}.Debug|Any CPU.Build.0 = Debug|Any CPU
		{F9BDE959-7F85-4A98-A2EE-09A92DD7C7D0}.Release|Any CPU.ActiveCfg = Release|Any CPU
		{F9BDE959-7F85-4A98-A2EE-09A92DD7C7D0}.Release|Any CPU.Build.0 = Release|Any CPU
		{FB150651-350B-4746-8194-FCCD370CF010}.Debug|Any CPU.ActiveCfg = Debug|Any CPU
		{FB150651-350B-4746-8194-FCCD370CF010}.Debug|Any CPU.Build.0 = Debug|Any CPU
		{FB150651-350B-4746-8194-FCCD370CF010}.Release|Any CPU.ActiveCfg = Release|Any CPU
		{FB150651-350B-4746-8194-FCCD370CF010}.Release|Any CPU.Build.0 = Release|Any CPU
	EndGlobalSection
EndGlobal
